
Microsoft Visual Studio Solution File, Format Version 12.00
Project("{FAE04EC0-301F-11D3-BF4B-00C04F79EFBC}") = "ShopGen.Server", "ShopGen.Server\ShopGen.Server.csproj", "{40B1EA4B-99DA-4971-AB68-AAFEA734A542}"
EndProject
Project("{FAE04EC0-301F-11D3-BF4B-00C04F79EFBC}") = "ShopGen.Data", "ShopGen.Data\ShopGen.Data.csproj", "{6A2A8183-AB87-427E-B7C0-FB0B4C649544}"
EndProject
Project("{FAE04EC0-301F-11D3-BF4B-00C04F79EFBC}") = "ShopGen.Test", "ShopGen.Test\ShopGen.Test.csproj", "{BFA1199A-2B88-4596-8224-05491BD74297}"
EndProject
Global
	GlobalSection(SolutionConfigurationPlatforms) = preSolution
		Debug|Any CPU = Debug|Any CPU
		Release|Any CPU = Release|Any CPU
	EndGlobalSection
	GlobalSection(ProjectConfigurationPlatforms) = postSolution
		{40B1EA4B-99DA-4971-AB68-AAFEA734A542}.Debug|Any CPU.ActiveCfg = Debug|Any CPU
		{40B1EA4B-99DA-4971-AB68-AAFEA734A542}.Debug|Any CPU.Build.0 = Debug|Any CPU
		{40B1EA4B-99DA-4971-AB68-AAFEA734A542}.Release|Any CPU.ActiveCfg = Release|Any CPU
		{40B1EA4B-99DA-4971-AB68-AAFEA734A542}.Release|Any CPU.Build.0 = Release|Any CPU
		{6A2A8183-AB87-427E-B7C0-FB0B4C649544}.Debug|Any CPU.ActiveCfg = Debug|Any CPU
		{6A2A8183-AB87-427E-B7C0-FB0B4C649544}.Debug|Any CPU.Build.0 = Debug|Any CPU
		{6A2A8183-AB87-427E-B7C0-FB0B4C649544}.Release|Any CPU.ActiveCfg = Release|Any CPU
		{6A2A8183-AB87-427E-B7C0-FB0B4C649544}.Release|Any CPU.Build.0 = Release|Any CPU
		{BFA1199A-2B88-4596-8224-05491BD74297}.Debug|Any CPU.ActiveCfg = Debug|Any CPU
		{BFA1199A-2B88-4596-8224-05491BD74297}.Debug|Any CPU.Build.0 = Debug|Any CPU
		{BFA1199A-2B88-4596-8224-05491BD74297}.Release|Any CPU.ActiveCfg = Release|Any CPU
		{BFA1199A-2B88-4596-8224-05491BD74297}.Release|Any CPU.Build.0 = Release|Any CPU
	EndGlobalSection
EndGlobal
